// !$*UTF8*$!
{
	archiveVersion = 1;
	classes = {
	};
	objectVersion = 50;
	objects = {

/* Begin PBXBuildFile section */
		7472C1C52543D6BE00CD141D /* AppDelegate.swift in Sources */ = {isa = PBXBuildFile; fileRef = 7472C1C42543D6BE00CD141D /* AppDelegate.swift */; };
		7472C1C72543D6BE00CD141D /* SceneDelegate.swift in Sources */ = {isa = PBXBuildFile; fileRef = 7472C1C62543D6BE00CD141D /* SceneDelegate.swift */; };
		7472C1C92543D6BE00CD141D /* ViewController.swift in Sources */ = {isa = PBXBuildFile; fileRef = 7472C1C82543D6BE00CD141D /* ViewController.swift */; };
		7472C1CC2543D6BE00CD141D /* Main.storyboard in Resources */ = {isa = PBXBuildFile; fileRef = 7472C1CA2543D6BE00CD141D /* Main.storyboard */; };
		7472C1CE2543D6BF00CD141D /* Assets.xcassets in Resources */ = {isa = PBXBuildFile; fileRef = 7472C1CD2543D6BF00CD141D /* Assets.xcassets */; };
		7472C1D12543D6BF00CD141D /* LaunchScreen.storyboard in Resources */ = {isa = PBXBuildFile; fileRef = 7472C1CF2543D6BF00CD141D /* LaunchScreen.storyboard */; };
/* End PBXBuildFile section */

/* Begin PBXFileReference section */
		7472C1C12543D6BE00CD141D /* EnglishWords.app */ = {isa = PBXFileReference; explicitFileType = wrapper.application; includeInIndex = 0; path = EnglishWords.app; sourceTree = BUILT_PRODUCTS_DIR; };
		7472C1C42543D6BE00CD141D /* AppDelegate.swift */ = {isa = PBXFileReference; lastKnownFileType = sourcecode.swift; path = AppDelegate.swift; sourceTree = "<group>"; };
		7472C1C62543D6BE00CD141D /* SceneDelegate.swift */ = {isa = PBXFileReference; lastKnownFileType = sourcecode.swift; path = SceneDelegate.swift; sourceTree = "<group>"; };
		7472C1C82543D6BE00CD141D /* ViewController.swift */ = {isa = PBXFileReference; lastKnownFileType = sourcecode.swift; path = ViewController.swift; sourceTree = "<group>"; };
		7472C1CB2543D6BE00CD141D /* Base */ = {isa = PBXFileReference; lastKnownFileType = file.storyboard; name = Base; path = Base.lproj/Main.storyboard; sourceTree = "<group>"; };
		7472C1CD2543D6BF00CD141D /* Assets.xcassets */ = {isa = PBXFileReference; lastKnownFileType = folder.assetcatalog; path = Assets.xcassets; sourceTree = "<group>"; };
		7472C1D02543D6BF00CD141D /* Base */ = {isa = PBXFileReference; lastKnownFileType = file.storyboard; name = Base; path = Base.lproj/LaunchScreen.storyboard; sourceTree = "<group>"; };
		7472C1D22543D6BF00CD141D /* Info.plist */ = {isa = PBXFileReference; lastKnownFileType = text.plist.xml; path = Info.plist; sourceTree = "<group>"; };
/* End PBXFileReference section */

/* Begin PBXFrameworksBuildPhase section */
		7472C1BE2543D6BE00CD141D /* Frameworks */ = {
			isa = PBXFrameworksBuildPhase;
			buildActionMask = 2147483647;
			files = (
			);
			runOnlyForDeploymentPostprocessing = 0;
		};
/* End PBXFrameworksBuildPhase section */

/* Begin PBXGroup section */
		7472C1B82543D6BD00CD141D = {
			isa = PBXGroup;
			children = (
				7472C1C32543D6BE00CD141D /* EnglishWords */,
				7472C1C22543D6BE00CD141D /* Products */,
			);
			sourceTree = "<group>";
		};
		7472C1C22543D6BE00CD141D /* Products */ = {
			isa = PBXGroup;
			children = (
				7472C1C12543D6BE00CD141D /* EnglishWords.app */,
			);
			name = Products;
			sourceTree = "<group>";
		};
		7472C1C32543D6BE00CD141D /* EnglishWords */ = {
			isa = PBXGroup;
			children = (
				7472C1C42543D6BE00CD141D /* AppDelegate.swift */,
				7472C1C62543D6BE00CD141D /* SceneDelegate.swift */,
				7472C1C82543D6BE00CD141D /* ViewController.swift */,
				7472C1CA2543D6BE00CD141D /* Main.storyboard */,
				7472C1CD2543D6BF00CD141D /* Assets.xcassets */,
				7472C1CF2543D6BF00CD141D /* LaunchScreen.storyboard */,
				7472C1D22543D6BF00CD141D /* Info.plist */,
			);
			path = EnglishWords;
			sourceTree = "<group>";
		};
/* End PBXGroup section */

/* Begin PBXNativeTarget section */
		7472C1C02543D6BE00CD141D /* EnglishWords */ = {
			isa = PBXNativeTarget;
			buildConfigurationList = 7472C1D52543D6BF00CD141D /* Build configuration list for PBXNativeTarget "EnglishWords" */;
			buildPhases = (
				7472C1BD2543D6BE00CD141D /* Sources */,
				7472C1BE2543D6BE00CD141D /* Frameworks */,
				7472C1BF2543D6BE00CD141D /* Resources */,
			);
			buildRules = (
			);
			dependencies = (
			);
			name = EnglishWords;
			productName = EnglishWords;
			productReference = 7472C1C12543D6BE00CD141D /* EnglishWords.app */;
			productType = "com.apple.product-type.application";
		};
/* End PBXNativeTarget section */

/* Begin PBXProject section */
		7472C1B92543D6BD00CD141D /* Project object */ = {
			isa = PBXProject;
			attributes = {
				LastSwiftUpdateCheck = 1200;
				LastUpgradeCheck = 1200;
				TargetAttributes = {
					7472C1C02543D6BE00CD141D = {
						CreatedOnToolsVersion = 12.0;
					};
				};
			};
			buildConfigurationList = 7472C1BC2543D6BD00CD141D /* Build configuration list for PBXProject "EnglishWords" */;
			compatibilityVersion = "Xcode 9.3";
			developmentRegion = en;
			hasScannedForEncodings = 0;
			knownRegions = (
				en,
				Base,
			);
			mainGroup = 7472C1B82543D6BD00CD141D;
			productRefGroup = 7472C1C22543D6BE00CD141D /* Products */;
			projectDirPath = "";
			projectRoot = "";
			targets = (
				7472C1C02543D6BE00CD141D /* EnglishWords */,
			);
		};
/* End PBXProject section */

/* Begin PBXResourcesBuildPhase section */
		7472C1BF2543D6BE00CD141D /* Resources */ = {
			isa = PBXResourcesBuildPhase;
			buildActionMask = 2147483647;
			files = (
				7472C1D12543D6BF00CD141D /* LaunchScreen.storyboard in Resources */,
				7472C1CE2543D6BF00CD141D /* Assets.xcassets in Resources */,
				7472C1CC2543D6BE00CD141D /* Main.storyboard in Resources */,
			);
			runOnlyForDeploymentPostprocessing = 0;
		};
/* End PBXResourcesBuildPhase section */

/* Begin PBXSourcesBuildPhase section */
		7472C1BD2543D6BE00CD141D /* Sources */ = {
			isa = PBXSourcesBuildPhase;
			buildActionMask = 2147483647;
			files = (
				7472C1C92543D6BE00CD141D /* ViewController.swift in Sources */,
				7472C1C52543D6BE00CD141D /* AppDelegate.swift in Sources */,
				7472C1C72543D6BE00CD141D /* SceneDelegate.swift in Sources */,
			);
			runOnlyForDeploymentPostprocessing = 0;
		};
/* End PBXSourcesBuildPhase section */

/* Begin PBXVariantGroup section */
		7472C1CA2543D6BE00CD141D /* Main.storyboard */ = {
			isa = PBXVariantGroup;
			children = (
				7472C1CB2543D6BE00CD141D /* Base */,
			);
			name = Main.storyboard;
			sourceTree = "<group>";
		};
		7472C1CF2543D6BF00CD141D /* LaunchScreen.storyboard */ = {
			isa = PBXVariantGroup;
			children = (
				7472C1D02543D6BF00CD141D /* Base */,
			);
			name = LaunchScreen.storyboard;
			sourceTree = "<group>";
		};
/* End PBXVariantGroup section */

/* Begin XCBuildConfiguration section */
		7472C1D32543D6BF00CD141D /* Debug */ = {
			isa = XCBuildConfiguration;
			buildSettings = {
				ALWAYS_SEARCH_USER_PATHS = NO;
				CLANG_ANALYZER_NONNULL = YES;
				CLANG_ANALYZER_NUMBER_OBJECT_CONVERSION = YES_AGGRESSIVE;
				CLANG_CXX_LANGUAGE_STANDARD = "gnu++14";
				CLANG_CXX_LIBRARY = "libc++";
				CLANG_ENABLE_MODULES = YES;
				CLANG_ENABLE_OBJC_ARC = YES;
				CLANG_ENABLE_OBJC_WEAK = YES;
				CLANG_WARN_BLOCK_CAPTURE_AUTORELEASING = YES;
				CLANG_WARN_BOOL_CONVERSION = YES;
				CLANG_WARN_COMMA = YES;
				CLANG_WARN_CONSTANT_CONVERSION = YES;
				CLANG_WARN_DEPRECATED_OBJC_IMPLEMENTATIONS = YES;
				CLANG_WARN_DIRECT_OBJC_ISA_USAGE = YES_ERROR;
				CLANG_WARN_DOCUMENTATION_COMMENTS = YES;
				CLANG_WARN_EMPTY_BODY = YES;
				CLANG_WARN_ENUM_CONVERSION = YES;
				CLANG_WARN_INFINITE_RECURSION = YES;
				CLANG_WARN_INT_CONVERSION = YES;
				CLANG_WARN_NON_LITERAL_NULL_CONVERSION = YES;
				CLANG_WARN_OBJC_IMPLICIT_RETAIN_SELF = YES;
				CLANG_WARN_OBJC_LITERAL_CONVERSION = YES;
				CLANG_WARN_OBJC_ROOT_CLASS = YES_ERROR;
				CLANG_WARN_QUOTED_INCLUDE_IN_FRAMEWORK_HEADER = YES;
				CLANG_WARN_RANGE_LOOP_ANALYSIS = YES;
				CLANG_WARN_STRICT_PROTOTYPES = YES;
				CLANG_WARN_SUSPICIOUS_MOVE = YES;
				CLANG_WARN_UNGUARDED_AVAILABILITY = YES_AGGRESSIVE;
				CLANG_WARN_UNREACHABLE_CODE = YES;
				CLANG_WARN__DUPLICATE_METHOD_MATCH = YES;
				COPY_PHASE_STRIP = NO;
				DEBUG_INFORMATION_FORMAT = dwarf;
				ENABLE_STRICT_OBJC_MSGSEND = YES;
				ENABLE_TESTABILITY = YES;
				GCC_C_LANGUAGE_STANDARD = gnu11;
				GCC_DYNAMIC_NO_PIC = NO;
				GCC_NO_COMMON_BLOCKS = YES;
				GCC_OPTIMIZATION_LEVEL = 0;
				GCC_PREPROCESSOR_DEFINITIONS = (
					"DEBUG=1",
					"$(inherited)",
				);
				GCC_WARN_64_TO_32_BIT_CONVERSION = YES;
				GCC_WARN_ABOUT_RETURN_TYPE = YES_ERROR;
				GCC_WARN_UNDECLARED_SELECTOR = YES;
				GCC_WARN_UNINITIALIZED_AUTOS = YES_AGGRESSIVE;
				GCC_WARN_UNUSED_FUNCTION = YES;
				GCC_WARN_UNUSED_VARIABLE = YES;
				IPHONEOS_DEPLOYMENT_TARGET = 14.0;
				MTL_ENABLE_DEBUG_INFO = INCLUDE_SOURCE;
				MTL_FAST_MATH = YES;
				ONLY_ACTIVE_ARCH = YES;
				SDKROOT = iphoneos;
				SWIFT_ACTIVE_COMPILATION_CONDITIONS = DEBUG;
				SWIFT_OPTIMIZATION_LEVEL = "-Onone";
			};
			name = Debug;
		};
		7472C1D42543D6BF00CD141D /* Release */ = {
			isa = XCBuildConfiguration;
			buildSettings = {
				ALWAYS_SEARCH_USER_PATHS = NO;
				CLANG_ANALYZER_NONNULL = YES;
				CLANG_ANALYZER_NUMBER_OBJECT_CONVERSION = YES_AGGRESSIVE;
				CLANG_CXX_LANGUAGE_STANDARD = "gnu++14";
				CLANG_CXX_LIBRARY = "libc++";
				CLANG_ENABLE_MODULES = YES;
				CLANG_ENABLE_OBJC_ARC = YES;
				CLANG_ENABLE_OBJC_WEAK = YES;
				CLANG_WARN_BLOCK_CAPTURE_AUTORELEASING = YES;
				CLANG_WARN_BOOL_CONVERSION = YES;
				CLANG_WARN_COMMA = YES;
				CLANG_WARN_CONSTANT_CONVERSION = YES;
				CLANG_WARN_DEPRECATED_OBJC_IMPLEMENTATIONS = YES;
				CLANG_WARN_DIRECT_OBJC_ISA_USAGE = YES_ERROR;
				CLANG_WARN_DOCUMENTATION_COMMENTS = YES;
				CLANG_WARN_EMPTY_BODY = YES;
				CLANG_WARN_ENUM_CONVERSION = YES;
				CLANG_WARN_INFINITE_RECURSION = YES;
				CLANG_WARN_INT_CONVERSION = YES;
				CLANG_WARN_NON_LITERAL_NULL_CONVERSION = YES;
				CLANG_WARN_OBJC_IMPLICIT_RETAIN_SELF = YES;
				CLANG_WARN_OBJC_LITERAL_CONVERSION = YES;
				CLANG_WARN_OBJC_ROOT_CLASS = YES_ERROR;
				CLANG_WARN_QUOTED_INCLUDE_IN_FRAMEWORK_HEADER = YES;
				CLANG_WARN_RANGE_LOOP_ANALYSIS = YES;
				CLANG_WARN_STRICT_PROTOTYPES = YES;
				CLANG_WARN_SUSPICIOUS_MOVE = YES;
				CLANG_WARN_UNGUARDED_AVAILABILITY = YES_AGGRESSIVE;
				CLANG_WARN_UNREACHABLE_CODE = YES;
				CLANG_WARN__DUPLICATE_METHOD_MATCH = YES;
				COPY_PHASE_STRIP = NO;
				DEBUG_INFORMATION_FORMAT = "dwarf-with-dsym";
				ENABLE_NS_ASSERTIONS = NO;
				ENABLE_STRICT_OBJC_MSGSEND = YES;
				GCC_C_LANGUAGE_STANDARD = gnu11;
				GCC_NO_COMMON_BLOCKS = YES;
				GCC_WARN_64_TO_32_BIT_CONVERSION = YES;
				GCC_WARN_ABOUT_RETURN_TYPE = YES_ERROR;
				GCC_WARN_UNDECLARED_SELECTOR = YES;
				GCC_WARN_UNINITIALIZED_AUTOS = YES_AGGRESSIVE;
				GCC_WARN_UNUSED_FUNCTION = YES;
				GCC_WARN_UNUSED_VARIABLE = YES;
				IPHONEOS_DEPLOYMENT_TARGET = 14.0;
				MTL_ENABLE_DEBUG_INFO = NO;
				MTL_FAST_MATH = YES;
				SDKROOT = iphoneos;
				SWIFT_COMPILATION_MODE = wholemodule;
				SWIFT_OPTIMIZATION_LEVEL = "-O";
				VALIDATE_PRODUCT = YES;
			};
			name = Release;
		};
		7472C1D62543D6BF00CD141D /* Debug */ = {
			isa = XCBuildConfiguration;
			buildSettings = {
				ASSETCATALOG_COMPILER_APPICON_NAME = AppIcon;
				ASSETCATALOG_COMPILER_GLOBAL_ACCENT_COLOR_NAME = AccentColor;
				CODE_SIGN_STYLE = Automatic;
				DEVELOPMENT_TEAM = TZTSB8X2TJ;
				INFOPLIST_FILE = EnglishWords/Info.plist;
				LD_RUNPATH_SEARCH_PATHS = (
					"$(inherited)",
					"@executable_path/Frameworks",
				);
				PRODUCT_BUNDLE_IDENTIFIER = com.Hippo.EnglishWords;
				PRODUCT_NAME = "$(TARGET_NAME)";
				SWIFT_VERSION = 5.0;
				TARGETED_DEVICE_FAMILY = "1,2";
			};
			name = Debug;
		};
		7472C1D72543D6BF00CD141D /* Release */ = {
			isa = XCBuildConfiguration;
			buildSettings = {
				ASSETCATALOG_COMPILER_APPICON_NAME = AppIcon;
				ASSETCATALOG_COMPILER_GLOBAL_ACCENT_COLOR_NAME = AccentColor;
				CODE_SIGN_STYLE = Automatic;
				DEVELOPMENT_TEAM = TZTSB8X2TJ;
				INFOPLIST_FILE = EnglishWords/Info.plist;
				LD_RUNPATH_SEARCH_PATHS = (
					"$(inherited)",
					"@executable_path/Frameworks",
				);
				PRODUCT_BUNDLE_IDENTIFIER = com.Hippo.EnglishWords;
				PRODUCT_NAME = "$(TARGET_NAME)";
				SWIFT_VERSION = 5.0;
				TARGETED_DEVICE_FAMILY = "1,2";
			};
			name = Release;
		};
/* End XCBuildConfiguration section */

/* Begin XCConfigurationList section */
		7472C1BC2543D6BD00CD141D /* Build configuration list for PBXProject "EnglishWords" */ = {
			isa = XCConfigurationList;
			buildConfigurations = (
				7472C1D32543D6BF00CD141D /* Debug */,
				7472C1D42543D6BF00CD141D /* Release */,
			);
			defaultConfigurationIsVisible = 0;
			defaultConfigurationName = Release;
		};
		7472C1D52543D6BF00CD141D /* Build configuration list for PBXNativeTarget "EnglishWords" */ = {
			isa = XCConfigurationList;
			buildConfigurations = (
				7472C1D62543D6BF00CD141D /* Debug */,
				7472C1D72543D6BF00CD141D /* Release */,
			);
			defaultConfigurationIsVisible = 0;
			defaultConfigurationName = Release;
		};
/* End XCConfigurationList section */
	};
	rootObject = 7472C1B92543D6BD00CD141D /* Project object */;
}
